
Microsoft Visual Studio Solution File, Format Version 11.00
# Visual Studio 2010
Project("{FAE04EC0-301F-11D3-BF4B-00C04F79EFBC}") = "Assembly-CSharp", "Assembly-CSharp.csproj", "{A008F9EA-6341-5F81-E3D5-1C16C0FDB40E}"
EndProject
Global
	GlobalSection(SolutionConfigurationPlatforms) = preSolution
		Debug|Any CPU = Debug|Any CPU
		Release|Any CPU = Release|Any CPU
	EndGlobalSection
	GlobalSection(ProjectConfigurationPlatforms) = postSolution
		{A008F9EA-6341-5F81-E3D5-1C16C0FDB40E}.Debug|Any CPU.ActiveCfg = Debug|Any CPU
		{A008F9EA-6341-5F81-E3D5-1C16C0FDB40E}.Debug|Any CPU.Build.0 = Debug|Any CPU
		{A008F9EA-6341-5F81-E3D5-1C16C0FDB40E}.Release|Any CPU.ActiveCfg = Release|Any CPU
		{A008F9EA-6341-5F81-E3D5-1C16C0FDB40E}.Release|Any CPU.Build.0 = Release|Any CPU
	EndGlobalSection
	GlobalSection(SolutionProperties) = preSolution
		HideSolutionNode = FALSE
	EndGlobalSection
EndGlobal
